# This file is autogenerated, do not edit; changes may be undone by the next 'dep ensure'.


[[projects]]
  branch = "master"
  name = "github.com/hashicorp/hcl"
  packages = [".","hcl/ast","hcl/parser","hcl/scanner","hcl/strconv","hcl/token","json/parser","json/scanner","json/token"]
  revision = "68e816d1c783414e79bc65b3994d9ab6b0a722ab"

[solve-meta]
  analyzer-name = "dep"
  analyzer-version = 1
  inputs-digest = "f01def0126e0cb6efafe858c407ba5191c6ebe487a12873b6cad1dfa70a508ac"
  solver-name = "gps-cdcl"
  solver-version = 1
